// !$*UTF8*$!
{
	archiveVersion = 1;
	classes = {
	};
	objectVersion = 48;
	objects = {

/* Begin PBXBuildFile section */
		35322E0D206292D0008F7B90 /* react_native_perms.m in Sources */ = {isa = PBXBuildFile; fileRef = 35322E0C206292D0008F7B90 /* react_native_perms.m */; };
		35322E0E206292D0008F7B90 /* react_native_perms.h in CopyFiles */ = {isa = PBXBuildFile; fileRef = 35322E0B206292D0008F7B90 /* react_native_perms.h */; };
		35322E16206292F0008F7B90 /* LocationManager.swift in Sources */ = {isa = PBXBuildFile; fileRef = 35322E15206292F0008F7B90 /* LocationManager.swift */; };
		35322E18206294DF008F7B90 /* EventEmmiter.swift in Sources */ = {isa = PBXBuildFile; fileRef = 35322E17206294DF008F7B90 /* EventEmmiter.swift */; };
		6C52D7872069543B00415C1B /* Constants.swift in Sources */ = {isa = PBXBuildFile; fileRef = 6C52D7862069543B00415C1B /* Constants.swift */; };
		6C52D7892069584000415C1B /* NotificationManager.swift in Sources */ = {isa = PBXBuildFile; fileRef = 6C52D7882069584000415C1B /* NotificationManager.swift */; };
		6CC2F491206564AC002A58EC /* PermissionEventEmitter.swift in Sources */ = {isa = PBXBuildFile; fileRef = 6CC2F490206564AC002A58EC /* PermissionEventEmitter.swift */; };
/* End PBXBuildFile section */

/* Begin PBXCopyFilesBuildPhase section */
		35322E06206292D0008F7B90 /* CopyFiles */ = {
			isa = PBXCopyFilesBuildPhase;
			buildActionMask = 2147483647;
			dstPath = "include/$(PRODUCT_NAME)";
			dstSubfolderSpec = 16;
			files = (
				35322E0E206292D0008F7B90 /* react_native_perms.h in CopyFiles */,
			);
			runOnlyForDeploymentPostprocessing = 0;
		};
/* End PBXCopyFilesBuildPhase section */

/* Begin PBXFileReference section */
		35322E08206292D0008F7B90 /* libreact-native-perms.a */ = {isa = PBXFileReference; explicitFileType = archive.ar; includeInIndex = 0; path = "libreact-native-perms.a"; sourceTree = BUILT_PRODUCTS_DIR; };
		35322E0B206292D0008F7B90 /* react_native_perms.h */ = {isa = PBXFileReference; lastKnownFileType = sourcecode.c.h; path = react_native_perms.h; sourceTree = "<group>"; };
		35322E0C206292D0008F7B90 /* react_native_perms.m */ = {isa = PBXFileReference; lastKnownFileType = sourcecode.c.objc; path = react_native_perms.m; sourceTree = "<group>"; };
		35322E14206292F0008F7B90 /* react-native-perms-Bridging-Header.h */ = {isa = PBXFileReference; lastKnownFileType = sourcecode.c.h; path = "react-native-perms-Bridging-Header.h"; sourceTree = "<group>"; };
		35322E15206292F0008F7B90 /* LocationManager.swift */ = {isa = PBXFileReference; lastKnownFileType = sourcecode.swift; path = LocationManager.swift; sourceTree = "<group>"; };
		35322E17206294DF008F7B90 /* EventEmmiter.swift */ = {isa = PBXFileReference; lastKnownFileType = sourcecode.swift; path = EventEmmiter.swift; sourceTree = "<group>"; };
		35322E242062965B008F7B90 /* react-native-perms.podspec */ = {isa = PBXFileReference; lastKnownFileType = text; path = "react-native-perms.podspec"; sourceTree = "<group>"; };
		6C52D7862069543B00415C1B /* Constants.swift */ = {isa = PBXFileReference; lastKnownFileType = sourcecode.swift; path = Constants.swift; sourceTree = "<group>"; };
		6C52D7882069584000415C1B /* NotificationManager.swift */ = {isa = PBXFileReference; lastKnownFileType = sourcecode.swift; path = NotificationManager.swift; sourceTree = "<group>"; };
		6CC2F490206564AC002A58EC /* PermissionEventEmitter.swift */ = {isa = PBXFileReference; lastKnownFileType = sourcecode.swift; path = PermissionEventEmitter.swift; sourceTree = "<group>"; };
/* End PBXFileReference section */

/* Begin PBXFrameworksBuildPhase section */
		35322E05206292D0008F7B90 /* Frameworks */ = {
			isa = PBXFrameworksBuildPhase;
			buildActionMask = 2147483647;
			files = (
			);
			runOnlyForDeploymentPostprocessing = 0;
		};
/* End PBXFrameworksBuildPhase section */

/* Begin PBXGroup section */
		35322DFF206292D0008F7B90 = {
			isa = PBXGroup;
			children = (
				35322E0A206292D0008F7B90 /* react-native-perms */,
				35322E09206292D0008F7B90 /* Products */,
			);
			sourceTree = "<group>";
		};
		35322E09206292D0008F7B90 /* Products */ = {
			isa = PBXGroup;
			children = (
				35322E08206292D0008F7B90 /* libreact-native-perms.a */,
			);
			name = Products;
			sourceTree = "<group>";
		};
		35322E0A206292D0008F7B90 /* react-native-perms */ = {
			isa = PBXGroup;
			children = (
				35322E0B206292D0008F7B90 /* react_native_perms.h */,
				35322E0C206292D0008F7B90 /* react_native_perms.m */,
				35322E15206292F0008F7B90 /* LocationManager.swift */,
				35322E14206292F0008F7B90 /* react-native-perms-Bridging-Header.h */,
				35322E17206294DF008F7B90 /* EventEmmiter.swift */,
				35322E242062965B008F7B90 /* react-native-perms.podspec */,
				6CC2F490206564AC002A58EC /* PermissionEventEmitter.swift */,
				6C52D7862069543B00415C1B /* Constants.swift */,
				6C52D7882069584000415C1B /* NotificationManager.swift */,
			);
			path = "react-native-perms";
			sourceTree = "<group>";
		};
/* End PBXGroup section */

/* Begin PBXNativeTarget section */
		35322E07206292D0008F7B90 /* react-native-perms */ = {
			isa = PBXNativeTarget;
			buildConfigurationList = 35322E11206292D0008F7B90 /* Build configuration list for PBXNativeTarget "react-native-perms" */;
			buildPhases = (
				35322E04206292D0008F7B90 /* Sources */,
				35322E05206292D0008F7B90 /* Frameworks */,
				35322E06206292D0008F7B90 /* CopyFiles */,
			);
			buildRules = (
			);
			dependencies = (
			);
			name = "react-native-perms";
			productName = "react-native-perms";
			productReference = 35322E08206292D0008F7B90 /* libreact-native-perms.a */;
			productType = "com.apple.product-type.library.static";
		};
/* End PBXNativeTarget section */

/* Begin PBXProject section */
		35322E00206292D0008F7B90 /* Project object */ = {
			isa = PBXProject;
			attributes = {
				LastUpgradeCheck = 0920;
				ORGANIZATIONNAME = Fania;
				TargetAttributes = {
					35322E07206292D0008F7B90 = {
						CreatedOnToolsVersion = 9.2;
						LastSwiftMigration = 0920;
						ProvisioningStyle = Automatic;
					};
				};
			};
			buildConfigurationList = 35322E03206292D0008F7B90 /* Build configuration list for PBXProject "react-native-perms" */;
			compatibilityVersion = "Xcode 8.0";
			developmentRegion = en;
			hasScannedForEncodings = 0;
			knownRegions = (
				en,
			);
			mainGroup = 35322DFF206292D0008F7B90;
			productRefGroup = 35322E09206292D0008F7B90 /* Products */;
			projectDirPath = "";
			projectRoot = "";
			targets = (
				35322E07206292D0008F7B90 /* react-native-perms */,
			);
		};
/* End PBXProject section */

/* Begin PBXSourcesBuildPhase section */
		35322E04206292D0008F7B90 /* Sources */ = {
			isa = PBXSourcesBuildPhase;
			buildActionMask = 2147483647;
			files = (
				6C52D7892069584000415C1B /* NotificationManager.swift in Sources */,
				6C52D7872069543B00415C1B /* Constants.swift in Sources */,
				6CC2F491206564AC002A58EC /* PermissionEventEmitter.swift in Sources */,
				35322E18206294DF008F7B90 /* EventEmmiter.swift in Sources */,
				35322E16206292F0008F7B90 /* LocationManager.swift in Sources */,
				35322E0D206292D0008F7B90 /* react_native_perms.m in Sources */,
			);
			runOnlyForDeploymentPostprocessing = 0;
		};
/* End PBXSourcesBuildPhase section */

/* Begin XCBuildConfiguration section */
		35322E0F206292D0008F7B90 /* Debug */ = {
			isa = XCBuildConfiguration;
			buildSettings = {
				ALWAYS_SEARCH_USER_PATHS = NO;
				CLANG_ANALYZER_NONNULL = YES;
				CLANG_ANALYZER_NUMBER_OBJECT_CONVERSION = YES_AGGRESSIVE;
				CLANG_CXX_LANGUAGE_STANDARD = "gnu++14";
				CLANG_CXX_LIBRARY = "libc++";
				CLANG_ENABLE_MODULES = YES;
				CLANG_ENABLE_OBJC_ARC = YES;
				CLANG_WARN_BLOCK_CAPTURE_AUTORELEASING = YES;
				CLANG_WARN_BOOL_CONVERSION = YES;
				CLANG_WARN_COMMA = YES;
				CLANG_WARN_CONSTANT_CONVERSION = YES;
				CLANG_WARN_DIRECT_OBJC_ISA_USAGE = YES_ERROR;
				CLANG_WARN_DOCUMENTATION_COMMENTS = YES;
				CLANG_WARN_EMPTY_BODY = YES;
				CLANG_WARN_ENUM_CONVERSION = YES;
				CLANG_WARN_INFINITE_RECURSION = YES;
				CLANG_WARN_INT_CONVERSION = YES;
				CLANG_WARN_NON_LITERAL_NULL_CONVERSION = YES;
				CLANG_WARN_OBJC_LITERAL_CONVERSION = YES;
				CLANG_WARN_OBJC_ROOT_CLASS = YES_ERROR;
				CLANG_WARN_RANGE_LOOP_ANALYSIS = YES;
				CLANG_WARN_STRICT_PROTOTYPES = YES;
				CLANG_WARN_SUSPICIOUS_MOVE = YES;
				CLANG_WARN_UNGUARDED_AVAILABILITY = YES_AGGRESSIVE;
				CLANG_WARN_UNREACHABLE_CODE = YES;
				CLANG_WARN__DUPLICATE_METHOD_MATCH = YES;
				CODE_SIGN_IDENTITY = "iPhone Developer";
				COPY_PHASE_STRIP = NO;
				DEBUG_INFORMATION_FORMAT = dwarf;
				ENABLE_STRICT_OBJC_MSGSEND = YES;
				ENABLE_TESTABILITY = YES;
				GCC_C_LANGUAGE_STANDARD = gnu11;
				GCC_DYNAMIC_NO_PIC = NO;
				GCC_NO_COMMON_BLOCKS = YES;
				GCC_OPTIMIZATION_LEVEL = 0;
				GCC_PREPROCESSOR_DEFINITIONS = (
					"DEBUG=1",
					"$(inherited)",
				);
				GCC_WARN_64_TO_32_BIT_CONVERSION = YES;
				GCC_WARN_ABOUT_RETURN_TYPE = YES_ERROR;
				GCC_WARN_UNDECLARED_SELECTOR = YES;
				GCC_WARN_UNINITIALIZED_AUTOS = YES_AGGRESSIVE;
				GCC_WARN_UNUSED_FUNCTION = YES;
				GCC_WARN_UNUSED_VARIABLE = YES;
				IPHONEOS_DEPLOYMENT_TARGET = 11.2;
				MTL_ENABLE_DEBUG_INFO = YES;
				ONLY_ACTIVE_ARCH = YES;
				SDKROOT = iphoneos;
			};
			name = Debug;
		};
		35322E10206292D0008F7B90 /* Release */ = {
			isa = XCBuildConfiguration;
			buildSettings = {
				ALWAYS_SEARCH_USER_PATHS = NO;
				CLANG_ANALYZER_NONNULL = YES;
				CLANG_ANALYZER_NUMBER_OBJECT_CONVERSION = YES_AGGRESSIVE;
				CLANG_CXX_LANGUAGE_STANDARD = "gnu++14";
				CLANG_CXX_LIBRARY = "libc++";
				CLANG_ENABLE_MODULES = YES;
				CLANG_ENABLE_OBJC_ARC = YES;
				CLANG_WARN_BLOCK_CAPTURE_AUTORELEASING = YES;
				CLANG_WARN_BOOL_CONVERSION = YES;
				CLANG_WARN_COMMA = YES;
				CLANG_WARN_CONSTANT_CONVERSION = YES;
				CLANG_WARN_DIRECT_OBJC_ISA_USAGE = YES_ERROR;
				CLANG_WARN_DOCUMENTATION_COMMENTS = YES;
				CLANG_WARN_EMPTY_BODY = YES;
				CLANG_WARN_ENUM_CONVERSION = YES;
				CLANG_WARN_INFINITE_RECURSION = YES;
				CLANG_WARN_INT_CONVERSION = YES;
				CLANG_WARN_NON_LITERAL_NULL_CONVERSION = YES;
				CLANG_WARN_OBJC_LITERAL_CONVERSION = YES;
				CLANG_WARN_OBJC_ROOT_CLASS = YES_ERROR;
				CLANG_WARN_RANGE_LOOP_ANALYSIS = YES;
				CLANG_WARN_STRICT_PROTOTYPES = YES;
				CLANG_WARN_SUSPICIOUS_MOVE = YES;
				CLANG_WARN_UNGUARDED_AVAILABILITY = YES_AGGRESSIVE;
				CLANG_WARN_UNREACHABLE_CODE = YES;
				CLANG_WARN__DUPLICATE_METHOD_MATCH = YES;
				CODE_SIGN_IDENTITY = "iPhone Developer";
				COPY_PHASE_STRIP = NO;
				DEBUG_INFORMATION_FORMAT = "dwarf-with-dsym";
				ENABLE_NS_ASSERTIONS = NO;
				ENABLE_STRICT_OBJC_MSGSEND = YES;
				GCC_C_LANGUAGE_STANDARD = gnu11;
				GCC_NO_COMMON_BLOCKS = YES;
				GCC_WARN_64_TO_32_BIT_CONVERSION = YES;
				GCC_WARN_ABOUT_RETURN_TYPE = YES_ERROR;
				GCC_WARN_UNDECLARED_SELECTOR = YES;
				GCC_WARN_UNINITIALIZED_AUTOS = YES_AGGRESSIVE;
				GCC_WARN_UNUSED_FUNCTION = YES;
				GCC_WARN_UNUSED_VARIABLE = YES;
				IPHONEOS_DEPLOYMENT_TARGET = 11.2;
				MTL_ENABLE_DEBUG_INFO = NO;
				SDKROOT = iphoneos;
				VALIDATE_PRODUCT = YES;
			};
			name = Release;
		};
		35322E12206292D0008F7B90 /* Debug */ = {
			isa = XCBuildConfiguration;
			buildSettings = {
				ALWAYS_EMBED_SWIFT_STANDARD_LIBRARIES = YES;
				CLANG_ENABLE_MODULES = YES;
				CODE_SIGN_STYLE = Automatic;
				DEVELOPMENT_TEAM = YRA4544XHU;
				LD_RUNPATH_SEARCH_PATHS = "$(inherited) @executable_path/Frameworks @loader_path/Frameworks";
				OTHER_LDFLAGS = "-ObjC";
				PRODUCT_NAME = "$(TARGET_NAME)";
				SKIP_INSTALL = YES;
				SWIFT_OBJC_BRIDGING_HEADER = "react-native-perms/react-native-perms-Bridging-Header.h";
				SWIFT_OPTIMIZATION_LEVEL = "-Onone";
				SWIFT_VERSION = 4.0;
				TARGETED_DEVICE_FAMILY = "1,2";
			};
			name = Debug;
		};
		35322E13206292D0008F7B90 /* Release */ = {
			isa = XCBuildConfiguration;
			buildSettings = {
				ALWAYS_EMBED_SWIFT_STANDARD_LIBRARIES = YES;
				CLANG_ENABLE_MODULES = YES;
				CODE_SIGN_STYLE = Automatic;
				DEVELOPMENT_TEAM = YRA4544XHU;
				LD_RUNPATH_SEARCH_PATHS = "$(inherited) @executable_path/Frameworks @loader_path/Frameworks";
				OTHER_LDFLAGS = "-ObjC";
				PRODUCT_NAME = "$(TARGET_NAME)";
				SKIP_INSTALL = YES;
				SWIFT_OBJC_BRIDGING_HEADER = "react-native-perms/react-native-perms-Bridging-Header.h";
				SWIFT_VERSION = 4.0;
				TARGETED_DEVICE_FAMILY = "1,2";
			};
			name = Release;
		};
/* End XCBuildConfiguration section */

/* Begin XCConfigurationList section */
		35322E03206292D0008F7B90 /* Build configuration list for PBXProject "react-native-perms" */ = {
			isa = XCConfigurationList;
			buildConfigurations = (
				35322E0F206292D0008F7B90 /* Debug */,
				35322E10206292D0008F7B90 /* Release */,
			);
			defaultConfigurationIsVisible = 0;
			defaultConfigurationName = Release;
		};
		35322E11206292D0008F7B90 /* Build configuration list for PBXNativeTarget "react-native-perms" */ = {
			isa = XCConfigurationList;
			buildConfigurations = (
				35322E12206292D0008F7B90 /* Debug */,
				35322E13206292D0008F7B90 /* Release */,
			);
			defaultConfigurationIsVisible = 0;
			defaultConfigurationName = Release;
		};
/* End XCConfigurationList section */
	};
	rootObject = 35322E00206292D0008F7B90 /* Project object */;
}
